
Microsoft Visual Studio Solution File, Format Version 12.00
# Visual Studio Version 16
VisualStudioVersion = 16.0.30611.23
MinimumVisualStudioVersion = 10.0.40219.1
Project("{FAE04EC0-301F-11D3-BF4B-00C04F79EFBC}") = "AutenticationDemo", "AutenticationDemo\AutenticationDemo.csproj", "{C8EB9832-498F-45D3-8D98-2AFB0407F8A0}"
EndProject
Project("{FAE04EC0-301F-11D3-BF4B-00C04F79EFBC}") = "InjectionDemo", "InjectionDemo\InjectionDemo.csproj", "{3208167D-B565-46A5-8BA3-233A4143CCE2}"
EndProject
Global
	GlobalSection(SolutionConfigurationPlatforms) = preSolution
		Debug|Any CPU = Debug|Any CPU
		Release|Any CPU = Release|Any CPU
	EndGlobalSection
	GlobalSection(ProjectConfigurationPlatforms) = postSolution
		{C8EB9832-498F-45D3-8D98-2AFB0407F8A0}.Debug|Any CPU.ActiveCfg = Debug|Any CPU
		{C8EB9832-498F-45D3-8D98-2AFB0407F8A0}.Debug|Any CPU.Build.0 = Debug|Any CPU
		{C8EB9832-498F-45D3-8D98-2AFB0407F8A0}.Release|Any CPU.ActiveCfg = Release|Any CPU
		{C8EB9832-498F-45D3-8D98-2AFB0407F8A0}.Release|Any CPU.Build.0 = Release|Any CPU
		{3208167D-B565-46A5-8BA3-233A4143CCE2}.Debug|Any CPU.ActiveCfg = Debug|Any CPU
		{3208167D-B565-46A5-8BA3-233A4143CCE2}.Debug|Any CPU.Build.0 = Debug|Any CPU
		{3208167D-B565-46A5-8BA3-233A4143CCE2}.Release|Any CPU.ActiveCfg = Release|Any CPU
		{3208167D-B565-46A5-8BA3-233A4143CCE2}.Release|Any CPU.Build.0 = Release|Any CPU
	EndGlobalSection
	GlobalSection(SolutionProperties) = preSolution
		HideSolutionNode = FALSE
	EndGlobalSection
	GlobalSection(ExtensibilityGlobals) = postSolution
		SolutionGuid = {9852C76A-82CE-4665-BD88-DC62FBF4D36C}
	EndGlobalSection
EndGlobal
